
Microsoft Visual Studio Solution File, Format Version 12.00
# Visual Studio Version 17
VisualStudioVersion = 17.6.33801.468
MinimumVisualStudioVersion = 10.0.40219.1
Project("{FAE04EC0-301F-11D3-BF4B-00C04F79EFBC}") = "CTCI Questions", "CTCI Questions.csproj", "{0819AA67-8974-422B-BB8E-411977A13943}"
EndProject
Global
	GlobalSection(SolutionConfigurationPlatforms) = preSolution
		Debug|Any CPU = Debug|Any CPU
		Release|Any CPU = Release|Any CPU
	EndGlobalSection
	GlobalSection(ProjectConfigurationPlatforms) = postSolution
		{0819AA67-8974-422B-BB8E-411977A13943}.Debug|Any CPU.ActiveCfg = Debug|Any CPU
		{0819AA67-8974-422B-BB8E-411977A13943}.Debug|Any CPU.Build.0 = Debug|Any CPU
		{0819AA67-8974-422B-BB8E-411977A13943}.Release|Any CPU.ActiveCfg = Release|Any CPU
		{0819AA67-8974-422B-BB8E-411977A13943}.Release|Any CPU.Build.0 = Release|Any CPU
	EndGlobalSection
	GlobalSection(SolutionProperties) = preSolution
		HideSolutionNode = FALSE
	EndGlobalSection
	GlobalSection(ExtensibilityGlobals) = postSolution
		SolutionGuid = {151E1680-0272-44C7-941F-3161C5C16F7D}
	EndGlobalSection
EndGlobal
